
Microsoft Visual Studio Solution File, Format Version 12.00
# Visual Studio Version 17
VisualStudioVersion = 17.1.32421.90
MinimumVisualStudioVersion = 10.0.40219.1
Project("{9A19103F-16F7-4668-BE54-9A1E7A4F7556}") = "Genetic Algorithm Template", "Genetic Algorithm Template.csproj", "{95072BBF-C290-4B73-8974-882206317A6C}"
EndProject
Global
	GlobalSection(SolutionConfigurationPlatforms) = preSolution
		Debug|Any CPU = Debug|Any CPU
		Release|Any CPU = Release|Any CPU
	EndGlobalSection
	GlobalSection(ProjectConfigurationPlatforms) = postSolution
		{95072BBF-C290-4B73-8974-882206317A6C}.Debug|Any CPU.ActiveCfg = Debug|Any CPU
		{95072BBF-C290-4B73-8974-882206317A6C}.Debug|Any CPU.Build.0 = Debug|Any CPU
		{95072BBF-C290-4B73-8974-882206317A6C}.Release|Any CPU.ActiveCfg = Release|Any CPU
		{95072BBF-C290-4B73-8974-882206317A6C}.Release|Any CPU.Build.0 = Release|Any CPU
	EndGlobalSection
	GlobalSection(SolutionProperties) = preSolution
		HideSolutionNode = FALSE
	EndGlobalSection
	GlobalSection(ExtensibilityGlobals) = postSolution
		SolutionGuid = {6EEA352B-0847-446C-B7B3-648C0B671DA3}
	EndGlobalSection
EndGlobal
